
Microsoft Visual Studio Solution File, Format Version 12.00
# Visual Studio Version 17
VisualStudioVersion = 17.0.31903.59
MinimumVisualStudioVersion = 10.0.40219.1
Project("{2150E333-8FDC-42A3-9474-1A3956D46DE8}") = "Solution Items", "Solution Items", "{ABE98C40-B7B2-48FC-8580-3A41D59FEF13}"
	ProjectSection(SolutionItems) = preProject
		.editorconfig = .editorconfig
		Directory.Build.props = Directory.Build.props
		src\Directory.Build.props = src\Directory.Build.props
		Directory.Packages.props = Directory.Packages.props
	EndProjectSection
EndProject
Project("{2150E333-8FDC-42A3-9474-1A3956D46DE8}") = "src", "src", "{3EC78B69-B578-446B-9778-0D07600267E5}"
EndProject
Project("{FAE04EC0-301F-11D3-BF4B-00C04F79EFBC}") = "Commands", "src\Commands\Commands.csproj", "{316E63B8-9497-44F3-9519-A39CA30B14E9}"
EndProject
Project("{FAE04EC0-301F-11D3-BF4B-00C04F79EFBC}") = "Models", "src\Models\Models.csproj", "{B87228AA-65DC-4CD6-B8FC-0278B0245CB7}"
EndProject
Global
	GlobalSection(SolutionConfigurationPlatforms) = preSolution
		Debug|Any CPU = Debug|Any CPU
		Release|Any CPU = Release|Any CPU
	EndGlobalSection
	GlobalSection(ProjectConfigurationPlatforms) = postSolution
		{316E63B8-9497-44F3-9519-A39CA30B14E9}.Debug|Any CPU.ActiveCfg = Debug|Any CPU
		{316E63B8-9497-44F3-9519-A39CA30B14E9}.Debug|Any CPU.Build.0 = Debug|Any CPU
		{316E63B8-9497-44F3-9519-A39CA30B14E9}.Release|Any CPU.ActiveCfg = Release|Any CPU
		{316E63B8-9497-44F3-9519-A39CA30B14E9}.Release|Any CPU.Build.0 = Release|Any CPU
		{B87228AA-65DC-4CD6-B8FC-0278B0245CB7}.Debug|Any CPU.ActiveCfg = Debug|Any CPU
		{B87228AA-65DC-4CD6-B8FC-0278B0245CB7}.Debug|Any CPU.Build.0 = Debug|Any CPU
		{B87228AA-65DC-4CD6-B8FC-0278B0245CB7}.Release|Any CPU.ActiveCfg = Release|Any CPU
		{B87228AA-65DC-4CD6-B8FC-0278B0245CB7}.Release|Any CPU.Build.0 = Release|Any CPU
	EndGlobalSection
	GlobalSection(SolutionProperties) = preSolution
		HideSolutionNode = FALSE
	EndGlobalSection
	GlobalSection(NestedProjects) = preSolution
		{316E63B8-9497-44F3-9519-A39CA30B14E9} = {3EC78B69-B578-446B-9778-0D07600267E5}
		{B87228AA-65DC-4CD6-B8FC-0278B0245CB7} = {3EC78B69-B578-446B-9778-0D07600267E5}
	EndGlobalSection
EndGlobal
